github.com/astaxie/beego v1.10.0 h1:s0OZ1iUO0rl8+lwWZfPK/0GhQi1tFUcIClTevyz48Pg=
github.com/astaxie/beego v1.10.0/go.mod h1:0R4++1tUqERR0WYFWdfkcrsyoVBCG4DgpDGokT3yb+U=
github.com/derekparker/delve v0.12.1 h1:uZmZc5CFDQpVMpltJEqHWljfIGMYC5z4jeUMU45aZ8o=
github.com/derekparker/delve v0.12.1/go.mod h1:pMSZMfp0Nhbm8qdZJkuE/yPGOkLpGXLS1I4poXQpuJU=
github.com/fsnotify/fsnotify v0.0.0-20161026203122-fd9ec7deca8b h1:XoaGspJy8QzJDAjAGLOfTs7QgRduvv0O4XaD8P67BKE=
github.com/fsnotify/fsnotify v0.0.0-20161026203122-fd9ec7deca8b/go.mod h1:jwhsz4b93w/PPRr/qN1Yymfu8t87LnFCMoQvtojpjFo=
github.com/go-sql-driver/mysql v1.4.1 h1:g24URVg0OFbNUTx9qqY1IRZ9D9z3iPyi5zKhQZpNwpA=
github.com/go-sql-driver/mysql v1.4.1/go.mod h1:zAC/RDZ24gD3HViQzih4MyKcchzm+sOG5ZlKdlhCg5w=
github.com/golang/debug v0.0.0-20190515041333-621e2d3f35da h1:JH1Xvc/3xQw+q/fvkCN5/O1XwvRZjsPXP+wro9ejxp4=
github.com/golang/debug v0.0.0-20190515041333-97c674d1d5 h1:SXOwdnLw4XYV579RD8dW7tSBZzNvU0bHOGUugS/GlXE=
github.com/golang/debug v0.0.0-20190515041333-97c674d1d5/go.mod h1:+lOwYly8SKpyfXS3HxafJChpRMZfK8gWluk3LIgxYHg=
github.com/gorilla/websocket v0.0.0-20170302224613-b258b4fadb57 h1:Vy5stadvK65eLSjDK6zmmeOx8eQiYCN+cWtMbZxy1Wg=
github.com/gorilla/websocket v0.0.0-20170302224613-b258b4fadb57/go.mod h1:E7qHFY5m1UJ88s3WnNqhKjPHQ0heANvMoAMk2YaljkQ=
github.com/lib/pq v0.0.0-20160806144029-80f8150043c8 h1:ymrmOy9nqFlWI+NXdLzvAUcQuYlOSqW2/UconD0I3BM=
github.com/lib/pq v0.0.0-20160806144029-80f8150043c8/go.mod h1:5WUZQaWbwv1U+lTReE5YruASi9Al49XbQIvNi/34Woo=
github.com/mattn/go-runewidth v0.0.3 h1:a+kO+98RDGEfo6asOGMmpodZq4FNtnGP54yps8BzLR4=
github.com/mattn/go-runewidth v0.0.3/go.mod h1:LwmH8dsx7+W8Uxz3IHJYH5QSwggIsqBzpuz5H//U1FU=
github.com/peterh/liner v1.1.0 h1:f+aAedNJA6uk7+6rXsYBnhdo4Xux7ESLe+kcuVUF5os=
github.com/peterh/liner v1.1.0/go.mod h1:CRroGNssyjTd/qIG2FyxByd2S8JEAZXBl4qUrZf8GS0=
golang.org/x/debug v0.0.0-20190515041333-621e2d3f35da h1:lOCncuW3am8Irk0e/G53uxc0Djb0csPkrmhYLVSoAuE=
golang.org/x/sys v0.0.0-20190826190057-c7b8b68b1456 h1:ng0gs1AKnRRuEMZoTLLlbOd+C17zUDepwGQBb/n+JVg=
golang.org/x/sys v0.0.0-20190826190057-c7b8b68b1456/go.mod h1:h1NjWce9XRLGQEsW7wpKNCjG9DtNlClVuFLEZdDNbEs=
gopkg.in/check.v1 v0.0.0-20161208181325-20d25e280405/go.mod h1:Co6ibVJAznAaIkqp8huTwlJQCZ016jof/cbN4VW5Yz0=
gopkg.in/yaml.v2 v2.2.2 h1:ZCJp+EgiOT7lHqUV2J862kp8Qj64Jo6az82+3Td9dZw=
gopkg.in/yaml.v2 v2.2.2/go.mod h1:hI93XBmqTisBFMUTm0b8Fm+jr3Dg1NNxqwp+5A1VGuI=
rsc.io/x86 v0.0.0-20150408152126-01d8f0379593 h1:N/40e7xuo6Cu34Qu+iBrNo38MBl/PEcE+ZKd/fYaYSY=
rsc.io/x86 v0.0.0-20150408152126-01d8f0379593/go.mod h1:XoKl9cTpV3NLs4c94KYQSW34QKIrg3H27GeohC7BIRA=
